
Microsoft Visual Studio Solution File, Format Version 12.00
# Visual Studio Version 17
VisualStudioVersion = 17.0.32112.339
MinimumVisualStudioVersion = 10.0.40219.1
Project("{2150E333-8FDC-42A3-9474-1A3956D46DE8}") = "docs", "docs", "{43FB7C99-7B41-4421-886D-74237E41C60B}"
	ProjectSection(SolutionItems) = preProject
		docs\readme.md = docs\readme.md
	EndProjectSection
EndProject
Project("{2150E333-8FDC-42A3-9474-1A3956D46DE8}") = "cqrs", "cqrs", "{78A08D2C-1678-4D7A-8348-C498F8879FDD}"
	ProjectSection(SolutionItems) = preProject
		docs\cqrs\docker-compose.yml = docs\cqrs\docker-compose.yml
	EndProjectSection
EndProject
Project("{2150E333-8FDC-42A3-9474-1A3956D46DE8}") = "src", "src", "{177911E8-52A0-4E2A-902A-3147E7302EA6}"
EndProject
Project("{2150E333-8FDC-42A3-9474-1A3956D46DE8}") = "write", "write", "{B26F4178-5441-46A5-8C26-05D1BFF524E7}"
EndProject
Project("{2150E333-8FDC-42A3-9474-1A3956D46DE8}") = "distributors", "distributors", "{8F0B9A48-EABE-4B1C-BC58-D4279393FC99}"
EndProject
Project("{9A19103F-16F7-4668-BE54-9A1E7A4F7556}") = "CQRS.Distributor.App", "src\distributors\CQRS.Distributor.App\CQRS.Distributor.App.csproj", "{FD50531D-C019-41AC-BCB3-6F900CADF69D}"
EndProject
Project("{2150E333-8FDC-42A3-9474-1A3956D46DE8}") = "consumers", "consumers", "{A48DF1E6-0962-4C8C-86E8-6A685FFBA27C}"
EndProject
Project("{9A19103F-16F7-4668-BE54-9A1E7A4F7556}") = "CQRS.CategoryConsumer.App", "src\consumers\CQRS.CategoryConsumer.App\CQRS.CategoryConsumer.App.csproj", "{D445426F-D7B2-4970-A392-BEAE82B2E22B}"
EndProject
Project("{9A19103F-16F7-4668-BE54-9A1E7A4F7556}") = "CQRS.ProductConsumer.App", "src\consumers\CQRS.ProductConsumer.App\CQRS.ProductConsumer.App.csproj", "{A516F9EA-C50C-4723-841B-4C195BFA0432}"
EndProject
Project("{2150E333-8FDC-42A3-9474-1A3956D46DE8}") = "read", "read", "{227340F6-7810-425D-AA17-1F9F4B663296}"
EndProject
Project("{2150E333-8FDC-42A3-9474-1A3956D46DE8}") = "category", "category", "{3A680F77-69EA-409B-B7B5-C96D7E343C96}"
EndProject
Project("{9A19103F-16F7-4668-BE54-9A1E7A4F7556}") = "CQRS.ReadCategory.Api", "src\read\category\CQRS.ReadCategory.Api\CQRS.ReadCategory.Api.csproj", "{0396A87B-CA28-4ED3-94CA-9A87A4706BF9}"
EndProject
Project("{9A19103F-16F7-4668-BE54-9A1E7A4F7556}") = "CQRS.ReadCategory.Application", "src\read\category\CQRS.ReadCategory.Application\CQRS.ReadCategory.Application.csproj", "{08E3E937-B2AF-41CA-BE1C-446F388EF03D}"
EndProject
Project("{2150E333-8FDC-42A3-9474-1A3956D46DE8}") = "product", "product", "{23A412A6-791D-42E5-97E8-0D3A59B8B208}"
EndProject
Project("{9A19103F-16F7-4668-BE54-9A1E7A4F7556}") = "CQRS.ReadProduct.Application", "src\read\product\CQRS.ReadProduct.Application\CQRS.ReadProduct.Application.csproj", "{2D7C0116-CD02-42E6-BFB4-D772D24D81F4}"
EndProject
Project("{9A19103F-16F7-4668-BE54-9A1E7A4F7556}") = "CQRS.ReadProduct.Api", "src\read\product\CQRS.ReadProduct.Api\CQRS.ReadProduct.Api.csproj", "{6EF8C320-78EA-468E-8F33-C4189B646344}"
EndProject
Project("{2150E333-8FDC-42A3-9474-1A3956D46DE8}") = "category", "category", "{1EF7DCB5-E2CF-4A2E-8DAD-98D0185393F0}"
EndProject
Project("{9A19103F-16F7-4668-BE54-9A1E7A4F7556}") = "CQRS.WriteCategory.Domain", "src\write\category\CQRS.WriteCategory.Domain\CQRS.WriteCategory.Domain.csproj", "{4177432E-7630-41AB-AEE8-072BC545DDE3}"
EndProject
Project("{9A19103F-16F7-4668-BE54-9A1E7A4F7556}") = "CQRS.WriteCategory.Application", "src\write\category\CQRS.WriteCategory.Application\CQRS.WriteCategory.Application.csproj", "{AAADE564-43EE-4818-B01E-79127A07D2E2}"
EndProject
Project("{9A19103F-16F7-4668-BE54-9A1E7A4F7556}") = "CQRS.WriteCategory.Infrastructure", "src\write\category\CQRS.WriteCategory.Infrastructure\CQRS.WriteCategory.Infrastructure.csproj", "{04BF2B1B-59BE-4976-9C67-A61F2BB2D463}"
EndProject
Project("{9A19103F-16F7-4668-BE54-9A1E7A4F7556}") = "CQRS.WriteCategory.Api", "src\write\category\CQRS.WriteCategory.Api\CQRS.WriteCategory.Api.csproj", "{FCA61577-3453-487D-824F-25433A44D713}"
EndProject
Project("{2150E333-8FDC-42A3-9474-1A3956D46DE8}") = "product", "product", "{BB2B9F3B-5ABF-4B8C-99B6-18F3AFD012DE}"
EndProject
Project("{9A19103F-16F7-4668-BE54-9A1E7A4F7556}") = "CQRS.WriteProduct.Domain", "src\write\product\CQRS.WriteProduct.Domain\CQRS.WriteProduct.Domain.csproj", "{996C6B8B-DDB3-488A-B399-5AB33CB00911}"
EndProject
Project("{9A19103F-16F7-4668-BE54-9A1E7A4F7556}") = "CQRS.WriteProduct.Application", "src\write\product\CQRS.WriteProduct.Application\CQRS.WriteProduct.Application.csproj", "{8CF60FC2-3321-4D10-AF1D-92AB20FCEB06}"
EndProject
Project("{9A19103F-16F7-4668-BE54-9A1E7A4F7556}") = "CQRS.WriteProduct.Infrastructure", "src\write\product\CQRS.WriteProduct.Infrastructure\CQRS.WriteProduct.Infrastructure.csproj", "{C6086E0B-45F4-4D89-B817-A4E5CA2CC083}"
EndProject
Project("{9A19103F-16F7-4668-BE54-9A1E7A4F7556}") = "CQRS.WriteProduct.Api", "src\write\product\CQRS.WriteProduct.Api\CQRS.WriteProduct.Api.csproj", "{2F2B72D6-5193-4FC3-8AB0-6ED6C2301A0B}"
EndProject
Project("{9A19103F-16F7-4668-BE54-9A1E7A4F7556}") = "CQRS.Database.Creator", "src\CQRS.Database.Creator\CQRS.Database.Creator.csproj", "{A7F4C44E-C157-495D-8D1C-AEF4015A781A}"
EndProject
Project("{FAE04EC0-301F-11D3-BF4B-00C04F79EFBC}") = "CQRS.ApiGateway", "src\CQRS.ApiGateway\CQRS.ApiGateway.csproj", "{F78B4E4C-2C0D-4932-91FA-650A1A1A5578}"
EndProject
Global
	GlobalSection(SolutionConfigurationPlatforms) = preSolution
		Debug|Any CPU = Debug|Any CPU
		Release|Any CPU = Release|Any CPU
	EndGlobalSection
	GlobalSection(ProjectConfigurationPlatforms) = postSolution
		{FD50531D-C019-41AC-BCB3-6F900CADF69D}.Debug|Any CPU.ActiveCfg = Debug|Any CPU
		{FD50531D-C019-41AC-BCB3-6F900CADF69D}.Debug|Any CPU.Build.0 = Debug|Any CPU
		{FD50531D-C019-41AC-BCB3-6F900CADF69D}.Release|Any CPU.ActiveCfg = Release|Any CPU
		{FD50531D-C019-41AC-BCB3-6F900CADF69D}.Release|Any CPU.Build.0 = Release|Any CPU
		{D445426F-D7B2-4970-A392-BEAE82B2E22B}.Debug|Any CPU.ActiveCfg = Debug|Any CPU
		{D445426F-D7B2-4970-A392-BEAE82B2E22B}.Debug|Any CPU.Build.0 = Debug|Any CPU
		{D445426F-D7B2-4970-A392-BEAE82B2E22B}.Release|Any CPU.ActiveCfg = Release|Any CPU
		{D445426F-D7B2-4970-A392-BEAE82B2E22B}.Release|Any CPU.Build.0 = Release|Any CPU
		{A516F9EA-C50C-4723-841B-4C195BFA0432}.Debug|Any CPU.ActiveCfg = Debug|Any CPU
		{A516F9EA-C50C-4723-841B-4C195BFA0432}.Debug|Any CPU.Build.0 = Debug|Any CPU
		{A516F9EA-C50C-4723-841B-4C195BFA0432}.Release|Any CPU.ActiveCfg = Release|Any CPU
		{A516F9EA-C50C-4723-841B-4C195BFA0432}.Release|Any CPU.Build.0 = Release|Any CPU
		{0396A87B-CA28-4ED3-94CA-9A87A4706BF9}.Debug|Any CPU.ActiveCfg = Debug|Any CPU
		{0396A87B-CA28-4ED3-94CA-9A87A4706BF9}.Debug|Any CPU.Build.0 = Debug|Any CPU
		{0396A87B-CA28-4ED3-94CA-9A87A4706BF9}.Release|Any CPU.ActiveCfg = Release|Any CPU
		{0396A87B-CA28-4ED3-94CA-9A87A4706BF9}.Release|Any CPU.Build.0 = Release|Any CPU
		{08E3E937-B2AF-41CA-BE1C-446F388EF03D}.Debug|Any CPU.ActiveCfg = Debug|Any CPU
		{08E3E937-B2AF-41CA-BE1C-446F388EF03D}.Debug|Any CPU.Build.0 = Debug|Any CPU
		{08E3E937-B2AF-41CA-BE1C-446F388EF03D}.Release|Any CPU.ActiveCfg = Release|Any CPU
		{08E3E937-B2AF-41CA-BE1C-446F388EF03D}.Release|Any CPU.Build.0 = Release|Any CPU
		{2D7C0116-CD02-42E6-BFB4-D772D24D81F4}.Debug|Any CPU.ActiveCfg = Debug|Any CPU
		{2D7C0116-CD02-42E6-BFB4-D772D24D81F4}.Debug|Any CPU.Build.0 = Debug|Any CPU
		{2D7C0116-CD02-42E6-BFB4-D772D24D81F4}.Release|Any CPU.ActiveCfg = Release|Any CPU
		{2D7C0116-CD02-42E6-BFB4-D772D24D81F4}.Release|Any CPU.Build.0 = Release|Any CPU
		{6EF8C320-78EA-468E-8F33-C4189B646344}.Debug|Any CPU.ActiveCfg = Debug|Any CPU
		{6EF8C320-78EA-468E-8F33-C4189B646344}.Debug|Any CPU.Build.0 = Debug|Any CPU
		{6EF8C320-78EA-468E-8F33-C4189B646344}.Release|Any CPU.ActiveCfg = Release|Any CPU
		{6EF8C320-78EA-468E-8F33-C4189B646344}.Release|Any CPU.Build.0 = Release|Any CPU
		{4177432E-7630-41AB-AEE8-072BC545DDE3}.Debug|Any CPU.ActiveCfg = Debug|Any CPU
		{4177432E-7630-41AB-AEE8-072BC545DDE3}.Debug|Any CPU.Build.0 = Debug|Any CPU
		{4177432E-7630-41AB-AEE8-072BC545DDE3}.Release|Any CPU.ActiveCfg = Release|Any CPU
		{4177432E-7630-41AB-AEE8-072BC545DDE3}.Release|Any CPU.Build.0 = Release|Any CPU
		{AAADE564-43EE-4818-B01E-79127A07D2E2}.Debug|Any CPU.ActiveCfg = Debug|Any CPU
		{AAADE564-43EE-4818-B01E-79127A07D2E2}.Debug|Any CPU.Build.0 = Debug|Any CPU
		{AAADE564-43EE-4818-B01E-79127A07D2E2}.Release|Any CPU.ActiveCfg = Release|Any CPU
		{AAADE564-43EE-4818-B01E-79127A07D2E2}.Release|Any CPU.Build.0 = Release|Any CPU
		{04BF2B1B-59BE-4976-9C67-A61F2BB2D463}.Debug|Any CPU.ActiveCfg = Debug|Any CPU
		{04BF2B1B-59BE-4976-9C67-A61F2BB2D463}.Debug|Any CPU.Build.0 = Debug|Any CPU
		{04BF2B1B-59BE-4976-9C67-A61F2BB2D463}.Release|Any CPU.ActiveCfg = Release|Any CPU
		{04BF2B1B-59BE-4976-9C67-A61F2BB2D463}.Release|Any CPU.Build.0 = Release|Any CPU
		{FCA61577-3453-487D-824F-25433A44D713}.Debug|Any CPU.ActiveCfg = Debug|Any CPU
		{FCA61577-3453-487D-824F-25433A44D713}.Debug|Any CPU.Build.0 = Debug|Any CPU
		{FCA61577-3453-487D-824F-25433A44D713}.Release|Any CPU.ActiveCfg = Release|Any CPU
		{FCA61577-3453-487D-824F-25433A44D713}.Release|Any CPU.Build.0 = Release|Any CPU
		{996C6B8B-DDB3-488A-B399-5AB33CB00911}.Debug|Any CPU.ActiveCfg = Debug|Any CPU
		{996C6B8B-DDB3-488A-B399-5AB33CB00911}.Debug|Any CPU.Build.0 = Debug|Any CPU
		{996C6B8B-DDB3-488A-B399-5AB33CB00911}.Release|Any CPU.ActiveCfg = Release|Any CPU
		{996C6B8B-DDB3-488A-B399-5AB33CB00911}.Release|Any CPU.Build.0 = Release|Any CPU
		{8CF60FC2-3321-4D10-AF1D-92AB20FCEB06}.Debug|Any CPU.ActiveCfg = Debug|Any CPU
		{8CF60FC2-3321-4D10-AF1D-92AB20FCEB06}.Debug|Any CPU.Build.0 = Debug|Any CPU
		{8CF60FC2-3321-4D10-AF1D-92AB20FCEB06}.Release|Any CPU.ActiveCfg = Release|Any CPU
		{8CF60FC2-3321-4D10-AF1D-92AB20FCEB06}.Release|Any CPU.Build.0 = Release|Any CPU
		{C6086E0B-45F4-4D89-B817-A4E5CA2CC083}.Debug|Any CPU.ActiveCfg = Debug|Any CPU
		{C6086E0B-45F4-4D89-B817-A4E5CA2CC083}.Debug|Any CPU.Build.0 = Debug|Any CPU
		{C6086E0B-45F4-4D89-B817-A4E5CA2CC083}.Release|Any CPU.ActiveCfg = Release|Any CPU
		{C6086E0B-45F4-4D89-B817-A4E5CA2CC083}.Release|Any CPU.Build.0 = Release|Any CPU
		{2F2B72D6-5193-4FC3-8AB0-6ED6C2301A0B}.Debug|Any CPU.ActiveCfg = Debug|Any CPU
		{2F2B72D6-5193-4FC3-8AB0-6ED6C2301A0B}.Debug|Any CPU.Build.0 = Debug|Any CPU
		{2F2B72D6-5193-4FC3-8AB0-6ED6C2301A0B}.Release|Any CPU.ActiveCfg = Release|Any CPU
		{2F2B72D6-5193-4FC3-8AB0-6ED6C2301A0B}.Release|Any CPU.Build.0 = Release|Any CPU
		{A7F4C44E-C157-495D-8D1C-AEF4015A781A}.Debug|Any CPU.ActiveCfg = Debug|Any CPU
		{A7F4C44E-C157-495D-8D1C-AEF4015A781A}.Debug|Any CPU.Build.0 = Debug|Any CPU
		{A7F4C44E-C157-495D-8D1C-AEF4015A781A}.Release|Any CPU.ActiveCfg = Release|Any CPU
		{A7F4C44E-C157-495D-8D1C-AEF4015A781A}.Release|Any CPU.Build.0 = Release|Any CPU
		{F78B4E4C-2C0D-4932-91FA-650A1A1A5578}.Debug|Any CPU.ActiveCfg = Debug|Any CPU
		{F78B4E4C-2C0D-4932-91FA-650A1A1A5578}.Debug|Any CPU.Build.0 = Debug|Any CPU
		{F78B4E4C-2C0D-4932-91FA-650A1A1A5578}.Release|Any CPU.ActiveCfg = Release|Any CPU
		{F78B4E4C-2C0D-4932-91FA-650A1A1A5578}.Release|Any CPU.Build.0 = Release|Any CPU
	EndGlobalSection
	GlobalSection(SolutionProperties) = preSolution
		HideSolutionNode = FALSE
	EndGlobalSection
	GlobalSection(NestedProjects) = preSolution
		{78A08D2C-1678-4D7A-8348-C498F8879FDD} = {43FB7C99-7B41-4421-886D-74237E41C60B}
		{B26F4178-5441-46A5-8C26-05D1BFF524E7} = {177911E8-52A0-4E2A-902A-3147E7302EA6}
		{8F0B9A48-EABE-4B1C-BC58-D4279393FC99} = {177911E8-52A0-4E2A-902A-3147E7302EA6}
		{FD50531D-C019-41AC-BCB3-6F900CADF69D} = {8F0B9A48-EABE-4B1C-BC58-D4279393FC99}
		{A48DF1E6-0962-4C8C-86E8-6A685FFBA27C} = {177911E8-52A0-4E2A-902A-3147E7302EA6}
		{D445426F-D7B2-4970-A392-BEAE82B2E22B} = {A48DF1E6-0962-4C8C-86E8-6A685FFBA27C}
		{A516F9EA-C50C-4723-841B-4C195BFA0432} = {A48DF1E6-0962-4C8C-86E8-6A685FFBA27C}
		{227340F6-7810-425D-AA17-1F9F4B663296} = {177911E8-52A0-4E2A-902A-3147E7302EA6}
		{3A680F77-69EA-409B-B7B5-C96D7E343C96} = {227340F6-7810-425D-AA17-1F9F4B663296}
		{0396A87B-CA28-4ED3-94CA-9A87A4706BF9} = {3A680F77-69EA-409B-B7B5-C96D7E343C96}
		{08E3E937-B2AF-41CA-BE1C-446F388EF03D} = {3A680F77-69EA-409B-B7B5-C96D7E343C96}
		{23A412A6-791D-42E5-97E8-0D3A59B8B208} = {227340F6-7810-425D-AA17-1F9F4B663296}
		{2D7C0116-CD02-42E6-BFB4-D772D24D81F4} = {23A412A6-791D-42E5-97E8-0D3A59B8B208}
		{6EF8C320-78EA-468E-8F33-C4189B646344} = {23A412A6-791D-42E5-97E8-0D3A59B8B208}
		{1EF7DCB5-E2CF-4A2E-8DAD-98D0185393F0} = {B26F4178-5441-46A5-8C26-05D1BFF524E7}
		{4177432E-7630-41AB-AEE8-072BC545DDE3} = {1EF7DCB5-E2CF-4A2E-8DAD-98D0185393F0}
		{AAADE564-43EE-4818-B01E-79127A07D2E2} = {1EF7DCB5-E2CF-4A2E-8DAD-98D0185393F0}
		{04BF2B1B-59BE-4976-9C67-A61F2BB2D463} = {1EF7DCB5-E2CF-4A2E-8DAD-98D0185393F0}
		{FCA61577-3453-487D-824F-25433A44D713} = {1EF7DCB5-E2CF-4A2E-8DAD-98D0185393F0}
		{BB2B9F3B-5ABF-4B8C-99B6-18F3AFD012DE} = {B26F4178-5441-46A5-8C26-05D1BFF524E7}
		{996C6B8B-DDB3-488A-B399-5AB33CB00911} = {BB2B9F3B-5ABF-4B8C-99B6-18F3AFD012DE}
		{8CF60FC2-3321-4D10-AF1D-92AB20FCEB06} = {BB2B9F3B-5ABF-4B8C-99B6-18F3AFD012DE}
		{C6086E0B-45F4-4D89-B817-A4E5CA2CC083} = {BB2B9F3B-5ABF-4B8C-99B6-18F3AFD012DE}
		{2F2B72D6-5193-4FC3-8AB0-6ED6C2301A0B} = {BB2B9F3B-5ABF-4B8C-99B6-18F3AFD012DE}
		{A7F4C44E-C157-495D-8D1C-AEF4015A781A} = {177911E8-52A0-4E2A-902A-3147E7302EA6}
		{F78B4E4C-2C0D-4932-91FA-650A1A1A5578} = {177911E8-52A0-4E2A-902A-3147E7302EA6}
	EndGlobalSection
	GlobalSection(ExtensibilityGlobals) = postSolution
		SolutionGuid = {64955F49-C902-453D-8EF1-95B11CB3BC8C}
	EndGlobalSection
EndGlobal
