
Microsoft Visual Studio Solution File, Format Version 12.00
# Visual Studio Version 17
VisualStudioVersion = 17.0.32112.339
MinimumVisualStudioVersion = 10.0.40219.1
Project("{2150E333-8FDC-42A3-9474-1A3956D46DE8}") = "docs", "docs", "{43FB7C99-7B41-4421-886D-74237E41C60B}"
	ProjectSection(SolutionItems) = preProject
		docs\readme.md = docs\readme.md
	EndProjectSection
EndProject
Project("{2150E333-8FDC-42A3-9474-1A3956D46DE8}") = "cqrs", "cqrs", "{78A08D2C-1678-4D7A-8348-C498F8879FDD}"
	ProjectSection(SolutionItems) = preProject
		docs\cqrs\docker-compose.yml = docs\cqrs\docker-compose.yml
	EndProjectSection
EndProject
Project("{2150E333-8FDC-42A3-9474-1A3956D46DE8}") = "src", "src", "{177911E8-52A0-4E2A-902A-3147E7302EA6}"
EndProject
Project("{2150E333-8FDC-42A3-9474-1A3956D46DE8}") = "write", "write", "{B26F4178-5441-46A5-8C26-05D1BFF524E7}"
EndProject
Project("{9A19103F-16F7-4668-BE54-9A1E7A4F7556}") = "CQRS.Write.Domain", "src\write\CQRS.Write.Domain\CQRS.Write.Domain.csproj", "{56E2AD57-99FF-406D-AFAF-6412598C2C37}"
EndProject
Project("{9A19103F-16F7-4668-BE54-9A1E7A4F7556}") = "CQRS.Write.Infrastructure", "src\write\CQRS.Write.Infrastructure\CQRS.Write.Infrastructure.csproj", "{C90B7FE5-1417-48BF-9213-7D1CB6628E69}"
EndProject
Project("{9A19103F-16F7-4668-BE54-9A1E7A4F7556}") = "CQRS.Write.Application", "src\write\CQRS.Write.Application\CQRS.Write.Application.csproj", "{590CDB64-BE56-465B-9B9B-E7269ACCFECE}"
EndProject
Project("{9A19103F-16F7-4668-BE54-9A1E7A4F7556}") = "CQRS.Write.Api", "src\write\CQRS.Write.Api\CQRS.Write.Api.csproj", "{1B1F4D52-8303-432B-B758-34DA55C45351}"
EndProject
Project("{2150E333-8FDC-42A3-9474-1A3956D46DE8}") = "distributors", "distributors", "{8F0B9A48-EABE-4B1C-BC58-D4279393FC99}"
EndProject
Project("{FAE04EC0-301F-11D3-BF4B-00C04F79EFBC}") = "CQRS.Distributor.App", "src\distributors\CQRS.Distributor.App\CQRS.Distributor.App.csproj", "{FD50531D-C019-41AC-BCB3-6F900CADF69D}"
EndProject
Global
	GlobalSection(SolutionConfigurationPlatforms) = preSolution
		Debug|Any CPU = Debug|Any CPU
		Release|Any CPU = Release|Any CPU
	EndGlobalSection
	GlobalSection(ProjectConfigurationPlatforms) = postSolution
		{56E2AD57-99FF-406D-AFAF-6412598C2C37}.Debug|Any CPU.ActiveCfg = Debug|Any CPU
		{56E2AD57-99FF-406D-AFAF-6412598C2C37}.Debug|Any CPU.Build.0 = Debug|Any CPU
		{56E2AD57-99FF-406D-AFAF-6412598C2C37}.Release|Any CPU.ActiveCfg = Release|Any CPU
		{56E2AD57-99FF-406D-AFAF-6412598C2C37}.Release|Any CPU.Build.0 = Release|Any CPU
		{C90B7FE5-1417-48BF-9213-7D1CB6628E69}.Debug|Any CPU.ActiveCfg = Debug|Any CPU
		{C90B7FE5-1417-48BF-9213-7D1CB6628E69}.Debug|Any CPU.Build.0 = Debug|Any CPU
		{C90B7FE5-1417-48BF-9213-7D1CB6628E69}.Release|Any CPU.ActiveCfg = Release|Any CPU
		{C90B7FE5-1417-48BF-9213-7D1CB6628E69}.Release|Any CPU.Build.0 = Release|Any CPU
		{590CDB64-BE56-465B-9B9B-E7269ACCFECE}.Debug|Any CPU.ActiveCfg = Debug|Any CPU
		{590CDB64-BE56-465B-9B9B-E7269ACCFECE}.Debug|Any CPU.Build.0 = Debug|Any CPU
		{590CDB64-BE56-465B-9B9B-E7269ACCFECE}.Release|Any CPU.ActiveCfg = Release|Any CPU
		{590CDB64-BE56-465B-9B9B-E7269ACCFECE}.Release|Any CPU.Build.0 = Release|Any CPU
		{1B1F4D52-8303-432B-B758-34DA55C45351}.Debug|Any CPU.ActiveCfg = Debug|Any CPU
		{1B1F4D52-8303-432B-B758-34DA55C45351}.Debug|Any CPU.Build.0 = Debug|Any CPU
		{1B1F4D52-8303-432B-B758-34DA55C45351}.Release|Any CPU.ActiveCfg = Release|Any CPU
		{1B1F4D52-8303-432B-B758-34DA55C45351}.Release|Any CPU.Build.0 = Release|Any CPU
		{FD50531D-C019-41AC-BCB3-6F900CADF69D}.Debug|Any CPU.ActiveCfg = Debug|Any CPU
		{FD50531D-C019-41AC-BCB3-6F900CADF69D}.Debug|Any CPU.Build.0 = Debug|Any CPU
		{FD50531D-C019-41AC-BCB3-6F900CADF69D}.Release|Any CPU.ActiveCfg = Release|Any CPU
		{FD50531D-C019-41AC-BCB3-6F900CADF69D}.Release|Any CPU.Build.0 = Release|Any CPU
	EndGlobalSection
	GlobalSection(SolutionProperties) = preSolution
		HideSolutionNode = FALSE
	EndGlobalSection
	GlobalSection(NestedProjects) = preSolution
		{78A08D2C-1678-4D7A-8348-C498F8879FDD} = {43FB7C99-7B41-4421-886D-74237E41C60B}
		{B26F4178-5441-46A5-8C26-05D1BFF524E7} = {177911E8-52A0-4E2A-902A-3147E7302EA6}
		{56E2AD57-99FF-406D-AFAF-6412598C2C37} = {B26F4178-5441-46A5-8C26-05D1BFF524E7}
		{C90B7FE5-1417-48BF-9213-7D1CB6628E69} = {B26F4178-5441-46A5-8C26-05D1BFF524E7}
		{590CDB64-BE56-465B-9B9B-E7269ACCFECE} = {B26F4178-5441-46A5-8C26-05D1BFF524E7}
		{1B1F4D52-8303-432B-B758-34DA55C45351} = {B26F4178-5441-46A5-8C26-05D1BFF524E7}
		{8F0B9A48-EABE-4B1C-BC58-D4279393FC99} = {177911E8-52A0-4E2A-902A-3147E7302EA6}
		{FD50531D-C019-41AC-BCB3-6F900CADF69D} = {8F0B9A48-EABE-4B1C-BC58-D4279393FC99}
	EndGlobalSection
	GlobalSection(ExtensibilityGlobals) = postSolution
		SolutionGuid = {64955F49-C902-453D-8EF1-95B11CB3BC8C}
	EndGlobalSection
EndGlobal
